dependencies:
- name: gitlab
  repository: ""
  version: '*.*.*'
- name: shared-secrets
  repository: ""
  version: '*.*.*'
- name: certmanager-issuer
  repository: ""
  version: '*.*.*'
- name: minio
  repository: ""
  version: '*.*.*'
- name: registry
  repository: ""
  version: '*.*.*'
- name: cert-manager
  repository: https://charts.jetstack.io/
  version: v0.10.1
- name: prometheus
  repository: https://prometheus-community.github.io/helm-charts
  version: 10.0.0
- name: postgresql
  repository: https://charts.bitnami.com/bitnami
  version: 8.9.4
- name: gitlab-runner
  repository: https://charts.gitlab.io/
  version: 0.26.0
- name: grafana
  repository: https://grafana.github.io/helm-charts
  version: 4.0.1
- name: redis
  repository: https://charts.bitnami.com/bitnami
  version: 11.3.4
- name: nginx-ingress
  repository: ""
  version: '*.*.*'
digest: sha256:47d1992031c14d7093fa30791ec267365a35a2c09fdb6ab74d385d4166e3a457
generated: "2021-04-14T09:23:29.560207183Z"
